// !$*UTF8*$!
{
	archiveVersion = 1;
	classes = {
	};
	objectVersion = 46;
	objects = {

/* Begin PBXBuildFile section */
		006D720419952D00008149E2 /* AVFoundation.framework in Frameworks */ = {isa = PBXBuildFile; fileRef = 006D720219952D00008149E2 /* AVFoundation.framework */; };
		006D720519952D00008149E2 /* CoreMedia.framework in Frameworks */ = {isa = PBXBuildFile; fileRef = 006D720319952D00008149E2 /* CoreMedia.framework */; };
		0091D8F90E81B9330029341E /* OpenGL.framework in Frameworks */ = {isa = PBXBuildFile; fileRef = 0091D8F80E81B9330029341E /* OpenGL.framework */; };
		00B784B30FF439BC000DE1D7 /* Accelerate.framework in Frameworks */ = {isa = PBXBuildFile; fileRef = 00B784AF0FF439BC000DE1D7 /* Accelerate.framework */; };
		00B784B40FF439BC000DE1D7 /* AudioToolbox.framework in Frameworks */ = {isa = PBXBuildFile; fileRef = 00B784B00FF439BC000DE1D7 /* AudioToolbox.framework */; };
		00B784B50FF439BC000DE1D7 /* AudioUnit.framework in Frameworks */ = {isa = PBXBuildFile; fileRef = 00B784B10FF439BC000DE1D7 /* AudioUnit.framework */; };
		00B784B60FF439BC000DE1D7 /* CoreAudio.framework in Frameworks */ = {isa = PBXBuildFile; fileRef = 00B784B20FF439BC000DE1D7 /* CoreAudio.framework */; };
		075D4B891B224F0000ACC53D /* Dot.cpp in Sources */ = {isa = PBXBuildFile; fileRef = 075D4B821B224F0000ACC53D /* Dot.cpp */; };
		075D4B8A1B224F0000ACC53D /* ObjectContainer.cpp in Sources */ = {isa = PBXBuildFile; fileRef = 075D4B851B224F0000ACC53D /* ObjectContainer.cpp */; };
		075D4B8B1B224F0000ACC53D /* Pinball.cpp in Sources */ = {isa = PBXBuildFile; fileRef = 075D4B871B224F0000ACC53D /* Pinball.cpp */; };
		20A7C1891D4817870060B7E5 /* Warp.cpp in Sources */ = {isa = PBXBuildFile; fileRef = 20A7C1851D4817870060B7E5 /* Warp.cpp */; };
		20A7C18A1D4817870060B7E5 /* WarpBilinear.cpp in Sources */ = {isa = PBXBuildFile; fileRef = 20A7C1861D4817870060B7E5 /* WarpBilinear.cpp */; };
		20A7C18B1D4817870060B7E5 /* WarpPerspective.cpp in Sources */ = {isa = PBXBuildFile; fileRef = 20A7C1871D4817870060B7E5 /* WarpPerspective.cpp */; };
		20A7C18C1D4817870060B7E5 /* WarpPerspectiveBilinear.cpp in Sources */ = {isa = PBXBuildFile; fileRef = 20A7C1881D4817870060B7E5 /* WarpPerspectiveBilinear.cpp */; };
		20A7C1911D4817930060B7E5 /* Osc.cpp in Sources */ = {isa = PBXBuildFile; fileRef = 20A7C18F1D4817930060B7E5 /* Osc.cpp */; };
		20A7C1971D4818980060B7E5 /* CinderConfig.cpp in Sources */ = {isa = PBXBuildFile; fileRef = 20A7C1961D4818980060B7E5 /* CinderConfig.cpp */; };
		20BFBD4B1B4495CA00DFF138 /* IOKit.framework in Frameworks */ = {isa = PBXBuildFile; fileRef = 20BFBD4A1B4495CA00DFF138 /* IOKit.framework */; };
		5323E6B20EAFCA74003A9687 /* CoreVideo.framework in Frameworks */ = {isa = PBXBuildFile; fileRef = 5323E6B10EAFCA74003A9687 /* CoreVideo.framework */; };
		5323E6B60EAFCA7E003A9687 /* QTKit.framework in Frameworks */ = {isa = PBXBuildFile; fileRef = 5323E6B50EAFCA7E003A9687 /* QTKit.framework */; };
		8D11072F0486CEB800E47090 /* Cocoa.framework in Frameworks */ = {isa = PBXBuildFile; fileRef = 1058C7A1FEA54F0111CA2CBB /* Cocoa.framework */; };
		8E23632CC4B141A7B9A95434 /* PinballWarpingApp.cpp in Sources */ = {isa = PBXBuildFile; fileRef = F1854D25050D4730A9F5CFDA /* PinballWarpingApp.cpp */; };
		E1FEF9EBF77145C8A7735276 /* CinderApp.icns in Resources */ = {isa = PBXBuildFile; fileRef = 6C061D56CD824E54A320E925 /* CinderApp.icns */; };
/* End PBXBuildFile section */

/* Begin PBXFileReference section */
		006D720219952D00008149E2 /* AVFoundation.framework */ = {isa = PBXFileReference; lastKnownFileType = wrapper.framework; name = AVFoundation.framework; path = System/Library/Frameworks/AVFoundation.framework; sourceTree = SDKROOT; };
		006D720319952D00008149E2 /* CoreMedia.framework */ = {isa = PBXFileReference; lastKnownFileType = wrapper.framework; name = CoreMedia.framework; path = System/Library/Frameworks/CoreMedia.framework; sourceTree = SDKROOT; };
		0091D8F80E81B9330029341E /* OpenGL.framework */ = {isa = PBXFileReference; lastKnownFileType = wrapper.framework; name = OpenGL.framework; path = /System/Library/Frameworks/OpenGL.framework; sourceTree = "<absolute>"; };
		00B784AF0FF439BC000DE1D7 /* Accelerate.framework */ = {isa = PBXFileReference; lastKnownFileType = wrapper.framework; name = Accelerate.framework; path = System/Library/Frameworks/Accelerate.framework; sourceTree = SDKROOT; };
		00B784B00FF439BC000DE1D7 /* AudioToolbox.framework */ = {isa = PBXFileReference; lastKnownFileType = wrapper.framework; name = AudioToolbox.framework; path = System/Library/Frameworks/AudioToolbox.framework; sourceTree = SDKROOT; };
		00B784B10FF439BC000DE1D7 /* AudioUnit.framework */ = {isa = PBXFileReference; lastKnownFileType = wrapper.framework; name = AudioUnit.framework; path = System/Library/Frameworks/AudioUnit.framework; sourceTree = SDKROOT; };
		00B784B20FF439BC000DE1D7 /* CoreAudio.framework */ = {isa = PBXFileReference; lastKnownFileType = wrapper.framework; name = CoreAudio.framework; path = System/Library/Frameworks/CoreAudio.framework; sourceTree = SDKROOT; };
		075D4B821B224F0000ACC53D /* Dot.cpp */ = {isa = PBXFileReference; fileEncoding = 4; lastKnownFileType = sourcecode.cpp.cpp; path = Dot.cpp; sourceTree = "<group>"; };
		075D4B831B224F0000ACC53D /* Dot.h */ = {isa = PBXFileReference; fileEncoding = 4; lastKnownFileType = sourcecode.c.h; path = Dot.h; sourceTree = "<group>"; };
		075D4B841B224F0000ACC53D /* Object.h */ = {isa = PBXFileReference; fileEncoding = 4; lastKnownFileType = sourcecode.c.h; path = Object.h; sourceTree = "<group>"; };
		075D4B851B224F0000ACC53D /* ObjectContainer.cpp */ = {isa = PBXFileReference; fileEncoding = 4; lastKnownFileType = sourcecode.cpp.cpp; path = ObjectContainer.cpp; sourceTree = "<group>"; };
		075D4B861B224F0000ACC53D /* ObjectContainer.h */ = {isa = PBXFileReference; fileEncoding = 4; lastKnownFileType = sourcecode.c.h; path = ObjectContainer.h; sourceTree = "<group>"; };
		075D4B871B224F0000ACC53D /* Pinball.cpp */ = {isa = PBXFileReference; fileEncoding = 4; lastKnownFileType = sourcecode.cpp.cpp; path = Pinball.cpp; sourceTree = "<group>"; };
		075D4B881B224F0000ACC53D /* Pinball.h */ = {isa = PBXFileReference; fileEncoding = 4; lastKnownFileType = sourcecode.c.h; path = Pinball.h; sourceTree = "<group>"; };
		07B041801B28D3E800575CF1 /* Location.h */ = {isa = PBXFileReference; lastKnownFileType = sourcecode.c.h; name = Location.h; path = ../src/Location.h; sourceTree = "<group>"; };
		1058C7A1FEA54F0111CA2CBB /* Cocoa.framework */ = {isa = PBXFileReference; lastKnownFileType = wrapper.framework; name = Cocoa.framework; path = /System/Library/Frameworks/Cocoa.framework; sourceTree = "<absolute>"; };
		20A7C1831D4817870060B7E5 /* Warp.h */ = {isa = PBXFileReference; fileEncoding = 4; lastKnownFileType = sourcecode.c.h; path = Warp.h; sourceTree = "<group>"; };
		20A7C1851D4817870060B7E5 /* Warp.cpp */ = {isa = PBXFileReference; fileEncoding = 4; lastKnownFileType = sourcecode.cpp.cpp; path = Warp.cpp; sourceTree = "<group>"; };
		20A7C1861D4817870060B7E5 /* WarpBilinear.cpp */ = {isa = PBXFileReference; fileEncoding = 4; lastKnownFileType = sourcecode.cpp.cpp; path = WarpBilinear.cpp; sourceTree = "<group>"; };
		20A7C1871D4817870060B7E5 /* WarpPerspective.cpp */ = {isa = PBXFileReference; fileEncoding = 4; lastKnownFileType = sourcecode.cpp.cpp; path = WarpPerspective.cpp; sourceTree = "<group>"; };
		20A7C1881D4817870060B7E5 /* WarpPerspectiveBilinear.cpp */ = {isa = PBXFileReference; fileEncoding = 4; lastKnownFileType = sourcecode.cpp.cpp; path = WarpPerspectiveBilinear.cpp; sourceTree = "<group>"; };
		20A7C18F1D4817930060B7E5 /* Osc.cpp */ = {isa = PBXFileReference; fileEncoding = 4; lastKnownFileType = sourcecode.cpp.cpp; path = Osc.cpp; sourceTree = "<group>"; };
		20A7C1901D4817930060B7E5 /* Osc.h */ = {isa = PBXFileReference; fileEncoding = 4; lastKnownFileType = sourcecode.c.h; path = Osc.h; sourceTree = "<group>"; };
		20A7C1941D4818980060B7E5 /* CinderConfig.h */ = {isa = PBXFileReference; fileEncoding = 4; lastKnownFileType = sourcecode.c.h; path = CinderConfig.h; sourceTree = "<group>"; };
		20A7C1961D4818980060B7E5 /* CinderConfig.cpp */ = {isa = PBXFileReference; fileEncoding = 4; lastKnownFileType = sourcecode.cpp.cpp; path = CinderConfig.cpp; sourceTree = "<group>"; };
		20BFBD4A1B4495CA00DFF138 /* IOKit.framework */ = {isa = PBXFileReference; lastKnownFileType = wrapper.framework; name = IOKit.framework; path = System/Library/Frameworks/IOKit.framework; sourceTree = SDKROOT; };
		29B97324FDCFA39411CA2CEA /* AppKit.framework */ = {isa = PBXFileReference; lastKnownFileType = wrapper.framework; name = AppKit.framework; path = /System/Library/Frameworks/AppKit.framework; sourceTree = "<absolute>"; };
		29B97325FDCFA39411CA2CEA /* Foundation.framework */ = {isa = PBXFileReference; lastKnownFileType = wrapper.framework; name = Foundation.framework; path = /System/Library/Frameworks/Foundation.framework; sourceTree = "<absolute>"; };
		5323E6B10EAFCA74003A9687 /* CoreVideo.framework */ = {isa = PBXFileReference; lastKnownFileType = wrapper.framework; name = CoreVideo.framework; path = /System/Library/Frameworks/CoreVideo.framework; sourceTree = "<absolute>"; };
		5323E6B50EAFCA7E003A9687 /* QTKit.framework */ = {isa = PBXFileReference; lastKnownFileType = wrapper.framework; name = QTKit.framework; path = /System/Library/Frameworks/QTKit.framework; sourceTree = "<absolute>"; };
		675DCE221DC74DF59A3B1420 /* Resources.h */ = {isa = PBXFileReference; lastKnownFileType = sourcecode.c.h; name = Resources.h; path = ../include/Resources.h; sourceTree = "<group>"; };
		6B716291E3754F1E9485EB25 /* PinballWarping_Prefix.pch */ = {isa = PBXFileReference; lastKnownFileType = "\"\""; path = PinballWarping_Prefix.pch; sourceTree = "<group>"; };
		6C061D56CD824E54A320E925 /* CinderApp.icns */ = {isa = PBXFileReference; lastKnownFileType = image.icns; name = CinderApp.icns; path = ../resources/CinderApp.icns; sourceTree = "<group>"; };
		8D1107320486CEB800E47090 /* PinballWarping.app */ = {isa = PBXFileReference; explicitFileType = wrapper.application; includeInIndex = 0; path = PinballWarping.app; sourceTree = BUILT_PRODUCTS_DIR; };
		B336245F69614CB89E8909F3 /* Info.plist */ = {isa = PBXFileReference; lastKnownFileType = text.plist.xml; path = Info.plist; sourceTree = "<group>"; };
		F1854D25050D4730A9F5CFDA /* PinballWarpingApp.cpp */ = {isa = PBXFileReference; lastKnownFileType = sourcecode.c.cpp; name = PinballWarpingApp.cpp; path = ../src/PinballWarpingApp.cpp; sourceTree = "<group>"; };
/* End PBXFileReference section */

/* Begin PBXFrameworksBuildPhase section */
		8D11072E0486CEB800E47090 /* Frameworks */ = {
			isa = PBXFrameworksBuildPhase;
			buildActionMask = 2147483647;
			files = (
				20BFBD4B1B4495CA00DFF138 /* IOKit.framework in Frameworks */,
				006D720419952D00008149E2 /* AVFoundation.framework in Frameworks */,
				006D720519952D00008149E2 /* CoreMedia.framework in Frameworks */,
				8D11072F0486CEB800E47090 /* Cocoa.framework in Frameworks */,
				0091D8F90E81B9330029341E /* OpenGL.framework in Frameworks */,
				5323E6B20EAFCA74003A9687 /* CoreVideo.framework in Frameworks */,
				5323E6B60EAFCA7E003A9687 /* QTKit.framework in Frameworks */,
				00B784B30FF439BC000DE1D7 /* Accelerate.framework in Frameworks */,
				00B784B40FF439BC000DE1D7 /* AudioToolbox.framework in Frameworks */,
				00B784B50FF439BC000DE1D7 /* AudioUnit.framework in Frameworks */,
				00B784B60FF439BC000DE1D7 /* CoreAudio.framework in Frameworks */,
			);
			runOnlyForDeploymentPostprocessing = 0;
		};
/* End PBXFrameworksBuildPhase section */

/* Begin PBXGroup section */
		01B97315FEAEA392516A2CEA /* Blocks */ = {
			isa = PBXGroup;
			children = (
				20A7C1921D4818850060B7E5 /* Cinder-Config */,
				20A7C18D1D4817930060B7E5 /* OSC */,
				20A7C1811D48177A0060B7E5 /* Cinder-Warping */,
			);
			name = Blocks;
			sourceTree = "<group>";
		};
		075D4B811B224F0000ACC53D /* view */ = {
			isa = PBXGroup;
			children = (
				07B0417E1B28D32D00575CF1 /* HitNotification */,
				075D4B871B224F0000ACC53D /* Pinball.cpp */,
				075D4B881B224F0000ACC53D /* Pinball.h */,
			);
			name = view;
			path = ../src/view;
			sourceTree = "<group>";
		};
		07B0417E1B28D32D00575CF1 /* HitNotification */ = {
			isa = PBXGroup;
			children = (
				075D4B821B224F0000ACC53D /* Dot.cpp */,
				075D4B831B224F0000ACC53D /* Dot.h */,
				075D4B841B224F0000ACC53D /* Object.h */,
				075D4B851B224F0000ACC53D /* ObjectContainer.cpp */,
				075D4B861B224F0000ACC53D /* ObjectContainer.h */,
			);
			name = HitNotification;
			sourceTree = "<group>";
		};
		07B0417F1B28D35C00575CF1 /* data */ = {
			isa = PBXGroup;
			children = (
				07B041801B28D3E800575CF1 /* Location.h */,
			);
			name = data;
			sourceTree = "<group>";
		};
		080E96DDFE201D6D7F000001 /* Source */ = {
			isa = PBXGroup;
			children = (
				07B0417F1B28D35C00575CF1 /* data */,
				075D4B811B224F0000ACC53D /* view */,
				F1854D25050D4730A9F5CFDA /* PinballWarpingApp.cpp */,
			);
			name = Source;
			sourceTree = "<group>";
		};
		1058C7A0FEA54F0111CA2CBB /* Linked Frameworks */ = {
			isa = PBXGroup;
			children = (
				006D720219952D00008149E2 /* AVFoundation.framework */,
				006D720319952D00008149E2 /* CoreMedia.framework */,
				00B784AF0FF439BC000DE1D7 /* Accelerate.framework */,
				00B784B00FF439BC000DE1D7 /* AudioToolbox.framework */,
				00B784B10FF439BC000DE1D7 /* AudioUnit.framework */,
				00B784B20FF439BC000DE1D7 /* CoreAudio.framework */,
				5323E6B50EAFCA7E003A9687 /* QTKit.framework */,
				5323E6B10EAFCA74003A9687 /* CoreVideo.framework */,
				0091D8F80E81B9330029341E /* OpenGL.framework */,
				1058C7A1FEA54F0111CA2CBB /* Cocoa.framework */,
			);
			name = "Linked Frameworks";
			sourceTree = "<group>";
		};
		1058C7A2FEA54F0111CA2CBB /* Other Frameworks */ = {
			isa = PBXGroup;
			children = (
				29B97324FDCFA39411CA2CEA /* AppKit.framework */,
				29B97325FDCFA39411CA2CEA /* Foundation.framework */,
			);
			name = "Other Frameworks";
			sourceTree = "<group>";
		};
		19C28FACFE9D520D11CA2CBB /* Products */ = {
			isa = PBXGroup;
			children = (
				8D1107320486CEB800E47090 /* PinballWarping.app */,
			);
			name = Products;
			sourceTree = "<group>";
		};
		20A7C1811D48177A0060B7E5 /* Cinder-Warping */ = {
			isa = PBXGroup;
			children = (
				20A7C1821D4817870060B7E5 /* include */,
				20A7C1841D4817870060B7E5 /* src */,
			);
			name = "Cinder-Warping";
			sourceTree = "<group>";
		};
		20A7C1821D4817870060B7E5 /* include */ = {
			isa = PBXGroup;
			children = (
				20A7C1831D4817870060B7E5 /* Warp.h */,
			);
			name = include;
			path = "../../../shared/cinder_blocks/Cinder-Warping/include";
			sourceTree = "<group>";
		};
		20A7C1841D4817870060B7E5 /* src */ = {
			isa = PBXGroup;
			children = (
				20A7C1851D4817870060B7E5 /* Warp.cpp */,
				20A7C1861D4817870060B7E5 /* WarpBilinear.cpp */,
				20A7C1871D4817870060B7E5 /* WarpPerspective.cpp */,
				20A7C1881D4817870060B7E5 /* WarpPerspectiveBilinear.cpp */,
			);
			name = src;
			path = "../../../shared/cinder_blocks/Cinder-Warping/src";
			sourceTree = "<group>";
		};
		20A7C18D1D4817930060B7E5 /* OSC */ = {
			isa = PBXGroup;
			children = (
				20A7C18E1D4817930060B7E5 /* src */,
			);
			name = OSC;
			path = ../../../shared/cinder_blocks/OSC;
			sourceTree = "<group>";
		};
		20A7C18E1D4817930060B7E5 /* src */ = {
			isa = PBXGroup;
			children = (
				20A7C18F1D4817930060B7E5 /* Osc.cpp */,
				20A7C1901D4817930060B7E5 /* Osc.h */,
			);
			path = src;
			sourceTree = "<group>";
		};
		20A7C1921D4818850060B7E5 /* Cinder-Config */ = {
			isa = PBXGroup;
			children = (
				20A7C1931D4818980060B7E5 /* include */,
				20A7C1951D4818980060B7E5 /* src */,
			);
			name = "Cinder-Config";
			sourceTree = "<group>";
		};
		20A7C1931D4818980060B7E5 /* include */ = {
			isa = PBXGroup;
			children = (
				20A7C1941D4818980060B7E5 /* CinderConfig.h */,
			);
			name = include;
			path = "../../../shared/cinder_blocks/Cinder-Config/include";
			sourceTree = "<group>";
		};
		20A7C1951D4818980060B7E5 /* src */ = {
			isa = PBXGroup;
			children = (
				20A7C1961D4818980060B7E5 /* CinderConfig.cpp */,
			);
			name = src;
			path = "../../../shared/cinder_blocks/Cinder-Config/src";
			sourceTree = "<group>";
		};
		29B97314FDCFA39411CA2CEA /* PinballWarping */ = {
			isa = PBXGroup;
			children = (
				01B97315FEAEA392516A2CEA /* Blocks */,
				29B97315FDCFA39411CA2CEA /* Headers */,
				080E96DDFE201D6D7F000001 /* Source */,
				29B97317FDCFA39411CA2CEA /* Resources */,
				29B97323FDCFA39411CA2CEA /* Frameworks */,
				19C28FACFE9D520D11CA2CBB /* Products */,
			);
			name = PinballWarping;
			sourceTree = "<group>";
		};
		29B97315FDCFA39411CA2CEA /* Headers */ = {
			isa = PBXGroup;
			children = (
				675DCE221DC74DF59A3B1420 /* Resources.h */,
				6B716291E3754F1E9485EB25 /* PinballWarping_Prefix.pch */,
			);
			name = Headers;
			sourceTree = "<group>";
		};
		29B97317FDCFA39411CA2CEA /* Resources */ = {
			isa = PBXGroup;
			children = (
				6C061D56CD824E54A320E925 /* CinderApp.icns */,
				B336245F69614CB89E8909F3 /* Info.plist */,
			);
			name = Resources;
			sourceTree = "<group>";
		};
		29B97323FDCFA39411CA2CEA /* Frameworks */ = {
			isa = PBXGroup;
			children = (
				20BFBD4A1B4495CA00DFF138 /* IOKit.framework */,
				1058C7A0FEA54F0111CA2CBB /* Linked Frameworks */,
				1058C7A2FEA54F0111CA2CBB /* Other Frameworks */,
			);
			name = Frameworks;
			sourceTree = "<group>";
		};
/* End PBXGroup section */

/* Begin PBXNativeTarget section */
		8D1107260486CEB800E47090 /* PinballWarping */ = {
			isa = PBXNativeTarget;
			buildConfigurationList = C01FCF4A08A954540054247B /* Build configuration list for PBXNativeTarget "PinballWarping" */;
			buildPhases = (
				8D1107290486CEB800E47090 /* Resources */,
				8D11072C0486CEB800E47090 /* Sources */,
				8D11072E0486CEB800E47090 /* Frameworks */,
			);
			buildRules = (
			);
			dependencies = (
			);
			name = PinballWarping;
			productInstallPath = "$(HOME)/Applications";
			productName = PinballWarping;
			productReference = 8D1107320486CEB800E47090 /* PinballWarping.app */;
			productType = "com.apple.product-type.application";
		};
/* End PBXNativeTarget section */

/* Begin PBXProject section */
		29B97313FDCFA39411CA2CEA /* Project object */ = {
			isa = PBXProject;
			attributes = {
				LastUpgradeCheck = 0510;
			};
			buildConfigurationList = C01FCF4E08A954540054247B /* Build configuration list for PBXProject "PinballWarping" */;
			compatibilityVersion = "Xcode 3.2";
			developmentRegion = English;
			hasScannedForEncodings = 1;
			knownRegions = (
				English,
				Japanese,
				French,
				German,
			);
			mainGroup = 29B97314FDCFA39411CA2CEA /* PinballWarping */;
			projectDirPath = "";
			projectRoot = "";
			targets = (
				8D1107260486CEB800E47090 /* PinballWarping */,
			);
		};
/* End PBXProject section */

/* Begin PBXResourcesBuildPhase section */
		8D1107290486CEB800E47090 /* Resources */ = {
			isa = PBXResourcesBuildPhase;
			buildActionMask = 2147483647;
			files = (
				E1FEF9EBF77145C8A7735276 /* CinderApp.icns in Resources */,
			);
			runOnlyForDeploymentPostprocessing = 0;
		};
/* End PBXResourcesBuildPhase section */

/* Begin PBXSourcesBuildPhase section */
		8D11072C0486CEB800E47090 /* Sources */ = {
			isa = PBXSourcesBuildPhase;
			buildActionMask = 2147483647;
			files = (
				20A7C1971D4818980060B7E5 /* CinderConfig.cpp in Sources */,
				075D4B8A1B224F0000ACC53D /* ObjectContainer.cpp in Sources */,
				20A7C18A1D4817870060B7E5 /* WarpBilinear.cpp in Sources */,
				8E23632CC4B141A7B9A95434 /* PinballWarpingApp.cpp in Sources */,
				075D4B891B224F0000ACC53D /* Dot.cpp in Sources */,
				075D4B8B1B224F0000ACC53D /* Pinball.cpp in Sources */,
				20A7C1891D4817870060B7E5 /* Warp.cpp in Sources */,
				20A7C1911D4817930060B7E5 /* Osc.cpp in Sources */,
				20A7C18C1D4817870060B7E5 /* WarpPerspectiveBilinear.cpp in Sources */,
				20A7C18B1D4817870060B7E5 /* WarpPerspective.cpp in Sources */,
			);
			runOnlyForDeploymentPostprocessing = 0;
		};
/* End PBXSourcesBuildPhase section */

/* Begin XCBuildConfiguration section */
		C01FCF4B08A954540054247B /* Debug */ = {
			isa = XCBuildConfiguration;
			buildSettings = {
				CINDER_PATH = "$(CINDER_PATH_$USER)";
				CINDER_PATH_Eric = /Users/Eric/cinder_glNext;
				CINDER_PATH_EsoT = /Users/EsoT/Code/cpp/cinder_glNext;
				COMBINE_HIDPI_IMAGES = YES;
				COPY_PHASE_STRIP = NO;
				DEAD_CODE_STRIPPING = YES;
				GCC_DYNAMIC_NO_PIC = NO;
				GCC_INLINES_ARE_PRIVATE_EXTERN = YES;
				GCC_OPTIMIZATION_LEVEL = 0;
				GCC_PRECOMPILE_PREFIX_HEADER = YES;
				GCC_PREFIX_HEADER = PinballWarping_Prefix.pch;
				GCC_PREPROCESSOR_DEFINITIONS = (
					"DEBUG=1",
					"$(inherited)",
				);
				GCC_SYMBOLS_PRIVATE_EXTERN = NO;
				INFOPLIST_FILE = Info.plist;
				INSTALL_PATH = "$(HOME)/Applications";
				OTHER_LDFLAGS = "\"$(CINDER_PATH)/lib/libcinder_d.a\"";
				PRODUCT_NAME = PinballWarping;
				SYMROOT = ./build;
				WRAPPER_EXTENSION = app;
			};
			name = Debug;
		};
		C01FCF4C08A954540054247B /* Release */ = {
			isa = XCBuildConfiguration;
			buildSettings = {
				CINDER_PATH = "$(CINDER_PATH_$USER)";
				CINDER_PATH_Eric = /Users/Eric/cinder_glNext;
				CINDER_PATH_EsoT = /Users/EsoT/Code/cpp/cinder_glNext;
				COMBINE_HIDPI_IMAGES = YES;
				DEAD_CODE_STRIPPING = YES;
				DEBUG_INFORMATION_FORMAT = "dwarf-with-dsym";
				GCC_FAST_MATH = YES;
				GCC_GENERATE_DEBUGGING_SYMBOLS = NO;
				GCC_INLINES_ARE_PRIVATE_EXTERN = YES;
				GCC_OPTIMIZATION_LEVEL = 3;
				GCC_PRECOMPILE_PREFIX_HEADER = YES;
				GCC_PREFIX_HEADER = PinballWarping_Prefix.pch;
				GCC_PREPROCESSOR_DEFINITIONS = (
					"NDEBUG=1",
					"$(inherited)",
				);
				GCC_SYMBOLS_PRIVATE_EXTERN = NO;
				INFOPLIST_FILE = Info.plist;
				INSTALL_PATH = "$(HOME)/Applications";
				OTHER_LDFLAGS = "\"$(CINDER_PATH)/lib/libcinder.a\"";
				PRODUCT_NAME = PinballWarping;
				STRIP_INSTALLED_PRODUCT = YES;
				SYMROOT = ./build;
				WRAPPER_EXTENSION = app;
			};
			name = Release;
		};
		C01FCF4F08A954540054247B /* Debug */ = {
			isa = XCBuildConfiguration;
			buildSettings = {
				ALWAYS_SEARCH_USER_PATHS = YES;
				CINDER_PATH = "$(CINDER_PATH_$USER)";
				CINDER_PATH_Daniel = /Users/Daniel/Work/Code/cpp/cinder_master;
				CINDER_PATH_Eric = /Users/Eric/cinder_glNext;
				CINDER_PATH_adria = /Users/adria/DEV/CINDER/cinder_master;
				CINDER_PATH_redpaperheart = /Users/redpaperheart/Work/Code/cpp/cinder_glNext;
				CLANG_CXX_LANGUAGE_STANDARD = "c++14";
				CLANG_CXX_LIBRARY = "libc++";
				GCC_WARN_ABOUT_RETURN_TYPE = YES;
				GCC_WARN_UNUSED_VARIABLE = YES;
				HEADER_SEARCH_PATHS = "\"$(CINDER_PATH)/boost\"";
				MACOSX_DEPLOYMENT_TARGET = 10.8;
				ONLY_ACTIVE_ARCH = YES;
				SDKROOT = macosx;
				USER_HEADER_SEARCH_PATHS = "\"$(CINDER_PATH)/include\" ../include ../../../shared/cinder_blocks/Warping/include";
			};
			name = Debug;
		};
		C01FCF5008A954540054247B /* Release */ = {
			isa = XCBuildConfiguration;
			buildSettings = {
				ALWAYS_SEARCH_USER_PATHS = YES;
				CINDER_PATH = "$(CINDER_PATH_$USER)";
				CINDER_PATH_Daniel = /Users/Daniel/Work/Code/cpp/cinder_master;
				CINDER_PATH_Eric = /Users/Eric/cinder_glNext;
				CINDER_PATH_adria = /Users/adria/DEV/CINDER/cinder_master;
				CINDER_PATH_redpaperheart = /Users/redpaperheart/Work/Code/cpp/cinder_glNext;
				CLANG_CXX_LANGUAGE_STANDARD = "c++14";
				CLANG_CXX_LIBRARY = "libc++";
				GCC_WARN_ABOUT_RETURN_TYPE = YES;
				GCC_WARN_UNUSED_VARIABLE = YES;
				HEADER_SEARCH_PATHS = "\"$(CINDER_PATH)/boost\"";
				MACOSX_DEPLOYMENT_TARGET = 10.8;
				SDKROOT = macosx;
				USER_HEADER_SEARCH_PATHS = "\"$(CINDER_PATH)/include\" ../include ../../../shared/cinder_blocks/Warping/include";
			};
			name = Release;
		};
/* End XCBuildConfiguration section */

/* Begin XCConfigurationList section */
		C01FCF4A08A954540054247B /* Build configuration list for PBXNativeTarget "PinballWarping" */ = {
			isa = XCConfigurationList;
			buildConfigurations = (
				C01FCF4B08A954540054247B /* Debug */,
				C01FCF4C08A954540054247B /* Release */,
			);
			defaultConfigurationIsVisible = 0;
			defaultConfigurationName = Release;
		};
		C01FCF4E08A954540054247B /* Build configuration list for PBXProject "PinballWarping" */ = {
			isa = XCConfigurationList;
			buildConfigurations = (
				C01FCF4F08A954540054247B /* Debug */,
				C01FCF5008A954540054247B /* Release */,
			);
			defaultConfigurationIsVisible = 0;
			defaultConfigurationName = Release;
		};
/* End XCConfigurationList section */
	};
	rootObject = 29B97313FDCFA39411CA2CEA /* Project object */;
}
